
Microsoft Visual Studio Solution File, Format Version 12.00
# Visual Studio Version 16
VisualStudioVersion = 16.0.29806.167
MinimumVisualStudioVersion = 10.0.40219.1
Project("{8BC9CEB8-8B4A-11D0-8D11-00A0C91BC942}") = "Chapter2", "Chapter2\Chapter2.vcxproj", "{224EE308-1B36-4E33-9955-9409E9221FC0}"
EndProject
Project("{8BC9CEB8-8B4A-11D0-8D11-00A0C91BC942}") = "2.4 무치형 (보이드, Void)", "2.4 무치형 (보이드, Void)\2.4 무치형 (보이드, Void).vcxproj", "{CDC10264-FF18-4929-9EA6-EB1D88B8FC26}"
EndProject
Global
	GlobalSection(SolutionConfigurationPlatforms) = preSolution
		Debug|x64 = Debug|x64
		Debug|x86 = Debug|x86
		Release|x64 = Release|x64
		Release|x86 = Release|x86
	EndGlobalSection
	GlobalSection(ProjectConfigurationPlatforms) = postSolution
		{224EE308-1B36-4E33-9955-9409E9221FC0}.Debug|x64.ActiveCfg = Debug|x64
		{224EE308-1B36-4E33-9955-9409E9221FC0}.Debug|x64.Build.0 = Debug|x64
		{224EE308-1B36-4E33-9955-9409E9221FC0}.Debug|x86.ActiveCfg = Debug|Win32
		{224EE308-1B36-4E33-9955-9409E9221FC0}.Debug|x86.Build.0 = Debug|Win32
		{224EE308-1B36-4E33-9955-9409E9221FC0}.Release|x64.ActiveCfg = Release|x64
		{224EE308-1B36-4E33-9955-9409E9221FC0}.Release|x64.Build.0 = Release|x64
		{224EE308-1B36-4E33-9955-9409E9221FC0}.Release|x86.ActiveCfg = Release|Win32
		{224EE308-1B36-4E33-9955-9409E9221FC0}.Release|x86.Build.0 = Release|Win32
		{CDC10264-FF18-4929-9EA6-EB1D88B8FC26}.Debug|x64.ActiveCfg = Debug|x64
		{CDC10264-FF18-4929-9EA6-EB1D88B8FC26}.Debug|x64.Build.0 = Debug|x64
		{CDC10264-FF18-4929-9EA6-EB1D88B8FC26}.Debug|x86.ActiveCfg = Debug|Win32
		{CDC10264-FF18-4929-9EA6-EB1D88B8FC26}.Debug|x86.Build.0 = Debug|Win32
		{CDC10264-FF18-4929-9EA6-EB1D88B8FC26}.Release|x64.ActiveCfg = Release|x64
		{CDC10264-FF18-4929-9EA6-EB1D88B8FC26}.Release|x64.Build.0 = Release|x64
		{CDC10264-FF18-4929-9EA6-EB1D88B8FC26}.Release|x86.ActiveCfg = Release|Win32
		{CDC10264-FF18-4929-9EA6-EB1D88B8FC26}.Release|x86.Build.0 = Release|Win32
	EndGlobalSection
	GlobalSection(SolutionProperties) = preSolution
		HideSolutionNode = FALSE
	EndGlobalSection
	GlobalSection(ExtensibilityGlobals) = postSolution
		SolutionGuid = {AD685FB7-70E3-49A5-A47A-51C3499D0EF3}
	EndGlobalSection
EndGlobal
