
Microsoft Visual Studio Solution File, Format Version 12.00
# Visual Studio Version 16
VisualStudioVersion = 16.0.29806.167
MinimumVisualStudioVersion = 10.0.40219.1
Project("{8BC9CEB8-8B4A-11D0-8D11-00A0C91BC942}") = "9_1", "Chapter9\Chapter9.vcxproj", "{8331A3DE-0AF1-4296-A2B6-2CC2DCC82E48}"
EndProject
Project("{8BC9CEB8-8B4A-11D0-8D11-00A0C91BC942}") = "9_3_return value and datatype for function", "9_3_return value and datatype for function\9_3_return value and datatype for function.vcxproj", "{EAC01874-6FBF-43AD-A957-4E9E8A7665BE}"
EndProject
Project("{8BC9CEB8-8B4A-11D0-8D11-00A0C91BC942}") = "9_4 변수의 영역과 지역 변수", "9_4 변수의 영역과 지역 변수\9_4 변수의 영역과 지역 변수.vcxproj", "{E90F697C-9FE6-405D-AC80-FE701CB36401}"
EndProject
Project("{8BC9CEB8-8B4A-11D0-8D11-00A0C91BC942}") = "9.5 local variable and stack", "9.5 local variable and stack\9.5 local variable and stack.vcxproj", "{A19F56E2-D252-4ADB-A2DA-6D0D5F60CD2D}"
EndProject
Project("{8BC9CEB8-8B4A-11D0-8D11-00A0C91BC942}") = "9.6 recursion", "9.6 recursion\9.6 recursion.vcxproj", "{A57663A2-D0C3-4CC2-8CF6-901EF8D91F78}"
EndProject
Project("{8BC9CEB8-8B4A-11D0-8D11-00A0C91BC942}") = "9_7 recursion and stack", "9_7 recursion and stack\9_7 recursion and stack.vcxproj", "{A14B73B0-9772-4CCA-87D0-70B8B1A0C4A4}"
EndProject
Project("{8BC9CEB8-8B4A-11D0-8D11-00A0C91BC942}") = "9.8 팩토리얼 예제", "9.8 팩토리얼 예제\9.8 팩토리얼 예제.vcxproj", "{C7A25F71-FE85-492B-9759-1301D438BD24}"
EndProject
Project("{8BC9CEB8-8B4A-11D0-8D11-00A0C91BC942}") = "9.9 이진수 변환 예제", "9.9 이진수 변환 예제\9.9 이진수 변환 예제.vcxproj", "{1B24D4C8-E840-497B-8DA7-4D0AEBC0FC97}"
EndProject
Global
	GlobalSection(SolutionConfigurationPlatforms) = preSolution
		Debug|x64 = Debug|x64
		Debug|x86 = Debug|x86
		Release|x64 = Release|x64
		Release|x86 = Release|x86
	EndGlobalSection
	GlobalSection(ProjectConfigurationPlatforms) = postSolution
		{8331A3DE-0AF1-4296-A2B6-2CC2DCC82E48}.Debug|x64.ActiveCfg = Debug|x64
		{8331A3DE-0AF1-4296-A2B6-2CC2DCC82E48}.Debug|x64.Build.0 = Debug|x64
		{8331A3DE-0AF1-4296-A2B6-2CC2DCC82E48}.Debug|x86.ActiveCfg = Debug|Win32
		{8331A3DE-0AF1-4296-A2B6-2CC2DCC82E48}.Debug|x86.Build.0 = Debug|Win32
		{8331A3DE-0AF1-4296-A2B6-2CC2DCC82E48}.Release|x64.ActiveCfg = Release|x64
		{8331A3DE-0AF1-4296-A2B6-2CC2DCC82E48}.Release|x64.Build.0 = Release|x64
		{8331A3DE-0AF1-4296-A2B6-2CC2DCC82E48}.Release|x86.ActiveCfg = Release|Win32
		{8331A3DE-0AF1-4296-A2B6-2CC2DCC82E48}.Release|x86.Build.0 = Release|Win32
		{EAC01874-6FBF-43AD-A957-4E9E8A7665BE}.Debug|x64.ActiveCfg = Debug|x64
		{EAC01874-6FBF-43AD-A957-4E9E8A7665BE}.Debug|x64.Build.0 = Debug|x64
		{EAC01874-6FBF-43AD-A957-4E9E8A7665BE}.Debug|x86.ActiveCfg = Debug|Win32
		{EAC01874-6FBF-43AD-A957-4E9E8A7665BE}.Debug|x86.Build.0 = Debug|Win32
		{EAC01874-6FBF-43AD-A957-4E9E8A7665BE}.Release|x64.ActiveCfg = Release|x64
		{EAC01874-6FBF-43AD-A957-4E9E8A7665BE}.Release|x64.Build.0 = Release|x64
		{EAC01874-6FBF-43AD-A957-4E9E8A7665BE}.Release|x86.ActiveCfg = Release|Win32
		{EAC01874-6FBF-43AD-A957-4E9E8A7665BE}.Release|x86.Build.0 = Release|Win32
		{E90F697C-9FE6-405D-AC80-FE701CB36401}.Debug|x64.ActiveCfg = Debug|x64
		{E90F697C-9FE6-405D-AC80-FE701CB36401}.Debug|x64.Build.0 = Debug|x64
		{E90F697C-9FE6-405D-AC80-FE701CB36401}.Debug|x86.ActiveCfg = Debug|Win32
		{E90F697C-9FE6-405D-AC80-FE701CB36401}.Debug|x86.Build.0 = Debug|Win32
		{E90F697C-9FE6-405D-AC80-FE701CB36401}.Release|x64.ActiveCfg = Release|x64
		{E90F697C-9FE6-405D-AC80-FE701CB36401}.Release|x64.Build.0 = Release|x64
		{E90F697C-9FE6-405D-AC80-FE701CB36401}.Release|x86.ActiveCfg = Release|Win32
		{E90F697C-9FE6-405D-AC80-FE701CB36401}.Release|x86.Build.0 = Release|Win32
		{A19F56E2-D252-4ADB-A2DA-6D0D5F60CD2D}.Debug|x64.ActiveCfg = Debug|x64
		{A19F56E2-D252-4ADB-A2DA-6D0D5F60CD2D}.Debug|x64.Build.0 = Debug|x64
		{A19F56E2-D252-4ADB-A2DA-6D0D5F60CD2D}.Debug|x86.ActiveCfg = Debug|Win32
		{A19F56E2-D252-4ADB-A2DA-6D0D5F60CD2D}.Debug|x86.Build.0 = Debug|Win32
		{A19F56E2-D252-4ADB-A2DA-6D0D5F60CD2D}.Release|x64.ActiveCfg = Release|x64
		{A19F56E2-D252-4ADB-A2DA-6D0D5F60CD2D}.Release|x64.Build.0 = Release|x64
		{A19F56E2-D252-4ADB-A2DA-6D0D5F60CD2D}.Release|x86.ActiveCfg = Release|Win32
		{A19F56E2-D252-4ADB-A2DA-6D0D5F60CD2D}.Release|x86.Build.0 = Release|Win32
		{A57663A2-D0C3-4CC2-8CF6-901EF8D91F78}.Debug|x64.ActiveCfg = Debug|x64
		{A57663A2-D0C3-4CC2-8CF6-901EF8D91F78}.Debug|x64.Build.0 = Debug|x64
		{A57663A2-D0C3-4CC2-8CF6-901EF8D91F78}.Debug|x86.ActiveCfg = Debug|Win32
		{A57663A2-D0C3-4CC2-8CF6-901EF8D91F78}.Debug|x86.Build.0 = Debug|Win32
		{A57663A2-D0C3-4CC2-8CF6-901EF8D91F78}.Release|x64.ActiveCfg = Release|x64
		{A57663A2-D0C3-4CC2-8CF6-901EF8D91F78}.Release|x64.Build.0 = Release|x64
		{A57663A2-D0C3-4CC2-8CF6-901EF8D91F78}.Release|x86.ActiveCfg = Release|Win32
		{A57663A2-D0C3-4CC2-8CF6-901EF8D91F78}.Release|x86.Build.0 = Release|Win32
		{A14B73B0-9772-4CCA-87D0-70B8B1A0C4A4}.Debug|x64.ActiveCfg = Debug|x64
		{A14B73B0-9772-4CCA-87D0-70B8B1A0C4A4}.Debug|x64.Build.0 = Debug|x64
		{A14B73B0-9772-4CCA-87D0-70B8B1A0C4A4}.Debug|x86.ActiveCfg = Debug|Win32
		{A14B73B0-9772-4CCA-87D0-70B8B1A0C4A4}.Debug|x86.Build.0 = Debug|Win32
		{A14B73B0-9772-4CCA-87D0-70B8B1A0C4A4}.Release|x64.ActiveCfg = Release|x64
		{A14B73B0-9772-4CCA-87D0-70B8B1A0C4A4}.Release|x64.Build.0 = Release|x64
		{A14B73B0-9772-4CCA-87D0-70B8B1A0C4A4}.Release|x86.ActiveCfg = Release|Win32
		{A14B73B0-9772-4CCA-87D0-70B8B1A0C4A4}.Release|x86.Build.0 = Release|Win32
		{C7A25F71-FE85-492B-9759-1301D438BD24}.Debug|x64.ActiveCfg = Debug|x64
		{C7A25F71-FE85-492B-9759-1301D438BD24}.Debug|x64.Build.0 = Debug|x64
		{C7A25F71-FE85-492B-9759-1301D438BD24}.Debug|x86.ActiveCfg = Debug|Win32
		{C7A25F71-FE85-492B-9759-1301D438BD24}.Debug|x86.Build.0 = Debug|Win32
		{C7A25F71-FE85-492B-9759-1301D438BD24}.Release|x64.ActiveCfg = Release|x64
		{C7A25F71-FE85-492B-9759-1301D438BD24}.Release|x64.Build.0 = Release|x64
		{C7A25F71-FE85-492B-9759-1301D438BD24}.Release|x86.ActiveCfg = Release|Win32
		{C7A25F71-FE85-492B-9759-1301D438BD24}.Release|x86.Build.0 = Release|Win32
		{1B24D4C8-E840-497B-8DA7-4D0AEBC0FC97}.Debug|x64.ActiveCfg = Debug|x64
		{1B24D4C8-E840-497B-8DA7-4D0AEBC0FC97}.Debug|x64.Build.0 = Debug|x64
		{1B24D4C8-E840-497B-8DA7-4D0AEBC0FC97}.Debug|x86.ActiveCfg = Debug|Win32
		{1B24D4C8-E840-497B-8DA7-4D0AEBC0FC97}.Debug|x86.Build.0 = Debug|Win32
		{1B24D4C8-E840-497B-8DA7-4D0AEBC0FC97}.Release|x64.ActiveCfg = Release|x64
		{1B24D4C8-E840-497B-8DA7-4D0AEBC0FC97}.Release|x64.Build.0 = Release|x64
		{1B24D4C8-E840-497B-8DA7-4D0AEBC0FC97}.Release|x86.ActiveCfg = Release|Win32
		{1B24D4C8-E840-497B-8DA7-4D0AEBC0FC97}.Release|x86.Build.0 = Release|Win32
	EndGlobalSection
	GlobalSection(SolutionProperties) = preSolution
		HideSolutionNode = FALSE
	EndGlobalSection
	GlobalSection(ExtensibilityGlobals) = postSolution
		SolutionGuid = {E0AF80CB-FA5C-43CA-883D-9C151FFEA49B}
	EndGlobalSection
EndGlobal
