
Microsoft Visual Studio Solution File, Format Version 12.00
# Visual Studio Version 16
VisualStudioVersion = 16.0.30104.148
MinimumVisualStudioVersion = 10.0.40219.1
Project("{8BC9CEB8-8B4A-11D0-8D11-00A0C91BC942}") = "14.16 공용체와 구조체를 함께 사용하기", "Chapter14\Chapter14.vcxproj", "{75A36EAA-0D80-473F-8136-923736ED9617}"
EndProject
Project("{8BC9CEB8-8B4A-11D0-8D11-00A0C91BC942}") = "14.22 함수 포인터의 사용 방법", "14.22 함수 포인터의 사용 방법\14.22 함수 포인터의 사용 방법.vcxproj", "{5344382A-8DA5-4EDE-AFF5-3D1356AFBCA0}"
EndProject
Project("{8BC9CEB8-8B4A-11D0-8D11-00A0C91BC942}") = "14.23 자료형에게 별명을 붙여주는 typedef", "14.23 자료형에게 별명을 붙여주는 typedef\14.23 자료형에게 별명을 붙여주는 typedef.vcxproj", "{83439706-5339-4998-AF2A-BC5FCB3287E7}"
EndProject
Project("{8BC9CEB8-8B4A-11D0-8D11-00A0C91BC942}") = "14.24 복잡한 선언을 해석하는 요령", "14.24 복잡한 선언을 해석하는 요령\14.24 복잡한 선언을 해석하는 요령.vcxproj", "{C664F86A-A7D2-414A-BCF4-387028499B09}"
EndProject
Project("{8BC9CEB8-8B4A-11D0-8D11-00A0C91BC942}") = "14.2 구조체의 기본적인 사용법", "14.2 구조체의 기본적인 사용법\14.2 구조체의 기본적인 사용법.vcxproj", "{C9F71A0F-E26E-480B-9821-653C92AA464B}"
EndProject
Project("{8BC9CEB8-8B4A-11D0-8D11-00A0C91BC942}") = "14.3 구조체의 메모리 할당", "14.3 구조체의 메모리 할당\14.3 구조체의 메모리 할당.vcxproj", "{EE620E94-CA0D-450F-B8BA-50E78743366D}"
EndProject
Project("{8BC9CEB8-8B4A-11D0-8D11-00A0C91BC942}") = "14.4 구조체의 배열 연습문제", "14.4 구조체의 배열 연습문제\14.4 구조체의 배열 연습문제.vcxproj", "{7416C676-33EF-4ED5-B04D-706E181E998E}"
EndProject
Project("{8BC9CEB8-8B4A-11D0-8D11-00A0C91BC942}") = "14.4 구조체의 배열 연습문제(2)", "14.4 구조체의 배열 연습문제(2)\14.4 구조체의 배열 연습문제(2).vcxproj", "{EA249119-4082-487E-A506-692E09E0EBCB}"
EndProject
Project("{8BC9CEB8-8B4A-11D0-8D11-00A0C91BC942}") = "14.5 구조체를 다른 구조체의 멤버로 사용하기", "14.5 구조체를 다른 구조체의 멤버로 사용하기\14.5 구조체를 다른 구조체의 멤버로 사용하기.vcxproj", "{868F4316-79E2-4507-B301-B31C5A200AFE}"
EndProject
Project("{8BC9CEB8-8B4A-11D0-8D11-00A0C91BC942}") = "14.6 구조체와 포인터", "14.6 구조체와 포인터\14.6 구조체와 포인터.vcxproj", "{82ED7A4D-28D6-4043-8440-67CA1183A8A3}"
EndProject
Project("{8BC9CEB8-8B4A-11D0-8D11-00A0C91BC942}") = "14.6 구조체와 포인터(2)", "14.6 구조체와 포인터(2)\14.6 구조체와 포인터(2).vcxproj", "{4AEC6B2F-44F9-4B96-9949-527E0801165B}"
EndProject
Project("{8BC9CEB8-8B4A-11D0-8D11-00A0C91BC942}") = "14.6 구조체와 포인터(3)", "14.6 구조체와 포인터(3)\14.6 구조체와 포인터(3).vcxproj", "{01A3D93D-11D9-4B2C-921A-79594D008743}"
EndProject
Project("{8BC9CEB8-8B4A-11D0-8D11-00A0C91BC942}") = "14.7 구조체를 함수로 전달하는 방법", "14.7 구조체를 함수로 전달하는 방법\14.7 구조체를 함수로 전달하는 방법.vcxproj", "{9233B6A3-114D-45B7-8316-1DE780129068}"
EndProject
Project("{8BC9CEB8-8B4A-11D0-8D11-00A0C91BC942}") = "14.8 구조체와 함수 연습문제", "14.8 구조체와 함수 연습문제\14.8 구조체와 함수 연습문제.vcxproj", "{EFB804AF-FF55-4A9C-946B-87489886DB88}"
EndProject
Project("{8BC9CEB8-8B4A-11D0-8D11-00A0C91BC942}") = "14.8 구조체와 함수 연습문제(2)", "14.8 구조체와 함수 연습문제(2)\14.8 구조체와 함수 연습문제(2).vcxproj", "{14F3AC5E-A664-4160-99EA-38E22C15D2BA}"
EndProject
Project("{8BC9CEB8-8B4A-11D0-8D11-00A0C91BC942}") = "14.9 구조체와 할당 메모리", "14.9 구조체와 할당 메모리\14.9 구조체와 할당 메모리.vcxproj", "{287F8092-9079-43E5-A903-8E78F7A676AC}"
EndProject
Global
	GlobalSection(SolutionConfigurationPlatforms) = preSolution
		Debug|x64 = Debug|x64
		Debug|x86 = Debug|x86
		Release|x64 = Release|x64
		Release|x86 = Release|x86
	EndGlobalSection
	GlobalSection(ProjectConfigurationPlatforms) = postSolution
		{75A36EAA-0D80-473F-8136-923736ED9617}.Debug|x64.ActiveCfg = Debug|x64
		{75A36EAA-0D80-473F-8136-923736ED9617}.Debug|x64.Build.0 = Debug|x64
		{75A36EAA-0D80-473F-8136-923736ED9617}.Debug|x86.ActiveCfg = Debug|Win32
		{75A36EAA-0D80-473F-8136-923736ED9617}.Debug|x86.Build.0 = Debug|Win32
		{75A36EAA-0D80-473F-8136-923736ED9617}.Release|x64.ActiveCfg = Release|x64
		{75A36EAA-0D80-473F-8136-923736ED9617}.Release|x64.Build.0 = Release|x64
		{75A36EAA-0D80-473F-8136-923736ED9617}.Release|x86.ActiveCfg = Release|Win32
		{75A36EAA-0D80-473F-8136-923736ED9617}.Release|x86.Build.0 = Release|Win32
		{5344382A-8DA5-4EDE-AFF5-3D1356AFBCA0}.Debug|x64.ActiveCfg = Debug|x64
		{5344382A-8DA5-4EDE-AFF5-3D1356AFBCA0}.Debug|x64.Build.0 = Debug|x64
		{5344382A-8DA5-4EDE-AFF5-3D1356AFBCA0}.Debug|x86.ActiveCfg = Debug|Win32
		{5344382A-8DA5-4EDE-AFF5-3D1356AFBCA0}.Debug|x86.Build.0 = Debug|Win32
		{5344382A-8DA5-4EDE-AFF5-3D1356AFBCA0}.Release|x64.ActiveCfg = Release|x64
		{5344382A-8DA5-4EDE-AFF5-3D1356AFBCA0}.Release|x64.Build.0 = Release|x64
		{5344382A-8DA5-4EDE-AFF5-3D1356AFBCA0}.Release|x86.ActiveCfg = Release|Win32
		{5344382A-8DA5-4EDE-AFF5-3D1356AFBCA0}.Release|x86.Build.0 = Release|Win32
		{83439706-5339-4998-AF2A-BC5FCB3287E7}.Debug|x64.ActiveCfg = Debug|x64
		{83439706-5339-4998-AF2A-BC5FCB3287E7}.Debug|x64.Build.0 = Debug|x64
		{83439706-5339-4998-AF2A-BC5FCB3287E7}.Debug|x86.ActiveCfg = Debug|Win32
		{83439706-5339-4998-AF2A-BC5FCB3287E7}.Debug|x86.Build.0 = Debug|Win32
		{83439706-5339-4998-AF2A-BC5FCB3287E7}.Release|x64.ActiveCfg = Release|x64
		{83439706-5339-4998-AF2A-BC5FCB3287E7}.Release|x64.Build.0 = Release|x64
		{83439706-5339-4998-AF2A-BC5FCB3287E7}.Release|x86.ActiveCfg = Release|Win32
		{83439706-5339-4998-AF2A-BC5FCB3287E7}.Release|x86.Build.0 = Release|Win32
		{C664F86A-A7D2-414A-BCF4-387028499B09}.Debug|x64.ActiveCfg = Debug|x64
		{C664F86A-A7D2-414A-BCF4-387028499B09}.Debug|x64.Build.0 = Debug|x64
		{C664F86A-A7D2-414A-BCF4-387028499B09}.Debug|x86.ActiveCfg = Debug|Win32
		{C664F86A-A7D2-414A-BCF4-387028499B09}.Debug|x86.Build.0 = Debug|Win32
		{C664F86A-A7D2-414A-BCF4-387028499B09}.Release|x64.ActiveCfg = Release|x64
		{C664F86A-A7D2-414A-BCF4-387028499B09}.Release|x64.Build.0 = Release|x64
		{C664F86A-A7D2-414A-BCF4-387028499B09}.Release|x86.ActiveCfg = Release|Win32
		{C664F86A-A7D2-414A-BCF4-387028499B09}.Release|x86.Build.0 = Release|Win32
		{C9F71A0F-E26E-480B-9821-653C92AA464B}.Debug|x64.ActiveCfg = Debug|x64
		{C9F71A0F-E26E-480B-9821-653C92AA464B}.Debug|x64.Build.0 = Debug|x64
		{C9F71A0F-E26E-480B-9821-653C92AA464B}.Debug|x86.ActiveCfg = Debug|Win32
		{C9F71A0F-E26E-480B-9821-653C92AA464B}.Debug|x86.Build.0 = Debug|Win32
		{C9F71A0F-E26E-480B-9821-653C92AA464B}.Release|x64.ActiveCfg = Release|x64
		{C9F71A0F-E26E-480B-9821-653C92AA464B}.Release|x64.Build.0 = Release|x64
		{C9F71A0F-E26E-480B-9821-653C92AA464B}.Release|x86.ActiveCfg = Release|Win32
		{C9F71A0F-E26E-480B-9821-653C92AA464B}.Release|x86.Build.0 = Release|Win32
		{EE620E94-CA0D-450F-B8BA-50E78743366D}.Debug|x64.ActiveCfg = Debug|x64
		{EE620E94-CA0D-450F-B8BA-50E78743366D}.Debug|x64.Build.0 = Debug|x64
		{EE620E94-CA0D-450F-B8BA-50E78743366D}.Debug|x86.ActiveCfg = Debug|Win32
		{EE620E94-CA0D-450F-B8BA-50E78743366D}.Debug|x86.Build.0 = Debug|Win32
		{EE620E94-CA0D-450F-B8BA-50E78743366D}.Release|x64.ActiveCfg = Release|x64
		{EE620E94-CA0D-450F-B8BA-50E78743366D}.Release|x64.Build.0 = Release|x64
		{EE620E94-CA0D-450F-B8BA-50E78743366D}.Release|x86.ActiveCfg = Release|Win32
		{EE620E94-CA0D-450F-B8BA-50E78743366D}.Release|x86.Build.0 = Release|Win32
		{7416C676-33EF-4ED5-B04D-706E181E998E}.Debug|x64.ActiveCfg = Debug|x64
		{7416C676-33EF-4ED5-B04D-706E181E998E}.Debug|x64.Build.0 = Debug|x64
		{7416C676-33EF-4ED5-B04D-706E181E998E}.Debug|x86.ActiveCfg = Debug|Win32
		{7416C676-33EF-4ED5-B04D-706E181E998E}.Debug|x86.Build.0 = Debug|Win32
		{7416C676-33EF-4ED5-B04D-706E181E998E}.Release|x64.ActiveCfg = Release|x64
		{7416C676-33EF-4ED5-B04D-706E181E998E}.Release|x64.Build.0 = Release|x64
		{7416C676-33EF-4ED5-B04D-706E181E998E}.Release|x86.ActiveCfg = Release|Win32
		{7416C676-33EF-4ED5-B04D-706E181E998E}.Release|x86.Build.0 = Release|Win32
		{EA249119-4082-487E-A506-692E09E0EBCB}.Debug|x64.ActiveCfg = Debug|x64
		{EA249119-4082-487E-A506-692E09E0EBCB}.Debug|x64.Build.0 = Debug|x64
		{EA249119-4082-487E-A506-692E09E0EBCB}.Debug|x86.ActiveCfg = Debug|Win32
		{EA249119-4082-487E-A506-692E09E0EBCB}.Debug|x86.Build.0 = Debug|Win32
		{EA249119-4082-487E-A506-692E09E0EBCB}.Release|x64.ActiveCfg = Release|x64
		{EA249119-4082-487E-A506-692E09E0EBCB}.Release|x64.Build.0 = Release|x64
		{EA249119-4082-487E-A506-692E09E0EBCB}.Release|x86.ActiveCfg = Release|Win32
		{EA249119-4082-487E-A506-692E09E0EBCB}.Release|x86.Build.0 = Release|Win32
		{868F4316-79E2-4507-B301-B31C5A200AFE}.Debug|x64.ActiveCfg = Debug|x64
		{868F4316-79E2-4507-B301-B31C5A200AFE}.Debug|x64.Build.0 = Debug|x64
		{868F4316-79E2-4507-B301-B31C5A200AFE}.Debug|x86.ActiveCfg = Debug|Win32
		{868F4316-79E2-4507-B301-B31C5A200AFE}.Debug|x86.Build.0 = Debug|Win32
		{868F4316-79E2-4507-B301-B31C5A200AFE}.Release|x64.ActiveCfg = Release|x64
		{868F4316-79E2-4507-B301-B31C5A200AFE}.Release|x64.Build.0 = Release|x64
		{868F4316-79E2-4507-B301-B31C5A200AFE}.Release|x86.ActiveCfg = Release|Win32
		{868F4316-79E2-4507-B301-B31C5A200AFE}.Release|x86.Build.0 = Release|Win32
		{82ED7A4D-28D6-4043-8440-67CA1183A8A3}.Debug|x64.ActiveCfg = Debug|x64
		{82ED7A4D-28D6-4043-8440-67CA1183A8A3}.Debug|x64.Build.0 = Debug|x64
		{82ED7A4D-28D6-4043-8440-67CA1183A8A3}.Debug|x86.ActiveCfg = Debug|Win32
		{82ED7A4D-28D6-4043-8440-67CA1183A8A3}.Debug|x86.Build.0 = Debug|Win32
		{82ED7A4D-28D6-4043-8440-67CA1183A8A3}.Release|x64.ActiveCfg = Release|x64
		{82ED7A4D-28D6-4043-8440-67CA1183A8A3}.Release|x64.Build.0 = Release|x64
		{82ED7A4D-28D6-4043-8440-67CA1183A8A3}.Release|x86.ActiveCfg = Release|Win32
		{82ED7A4D-28D6-4043-8440-67CA1183A8A3}.Release|x86.Build.0 = Release|Win32
		{4AEC6B2F-44F9-4B96-9949-527E0801165B}.Debug|x64.ActiveCfg = Debug|x64
		{4AEC6B2F-44F9-4B96-9949-527E0801165B}.Debug|x64.Build.0 = Debug|x64
		{4AEC6B2F-44F9-4B96-9949-527E0801165B}.Debug|x86.ActiveCfg = Debug|Win32
		{4AEC6B2F-44F9-4B96-9949-527E0801165B}.Debug|x86.Build.0 = Debug|Win32
		{4AEC6B2F-44F9-4B96-9949-527E0801165B}.Release|x64.ActiveCfg = Release|x64
		{4AEC6B2F-44F9-4B96-9949-527E0801165B}.Release|x64.Build.0 = Release|x64
		{4AEC6B2F-44F9-4B96-9949-527E0801165B}.Release|x86.ActiveCfg = Release|Win32
		{4AEC6B2F-44F9-4B96-9949-527E0801165B}.Release|x86.Build.0 = Release|Win32
		{01A3D93D-11D9-4B2C-921A-79594D008743}.Debug|x64.ActiveCfg = Debug|x64
		{01A3D93D-11D9-4B2C-921A-79594D008743}.Debug|x64.Build.0 = Debug|x64
		{01A3D93D-11D9-4B2C-921A-79594D008743}.Debug|x86.ActiveCfg = Debug|Win32
		{01A3D93D-11D9-4B2C-921A-79594D008743}.Debug|x86.Build.0 = Debug|Win32
		{01A3D93D-11D9-4B2C-921A-79594D008743}.Release|x64.ActiveCfg = Release|x64
		{01A3D93D-11D9-4B2C-921A-79594D008743}.Release|x64.Build.0 = Release|x64
		{01A3D93D-11D9-4B2C-921A-79594D008743}.Release|x86.ActiveCfg = Release|Win32
		{01A3D93D-11D9-4B2C-921A-79594D008743}.Release|x86.Build.0 = Release|Win32
		{9233B6A3-114D-45B7-8316-1DE780129068}.Debug|x64.ActiveCfg = Debug|x64
		{9233B6A3-114D-45B7-8316-1DE780129068}.Debug|x64.Build.0 = Debug|x64
		{9233B6A3-114D-45B7-8316-1DE780129068}.Debug|x86.ActiveCfg = Debug|Win32
		{9233B6A3-114D-45B7-8316-1DE780129068}.Debug|x86.Build.0 = Debug|Win32
		{9233B6A3-114D-45B7-8316-1DE780129068}.Release|x64.ActiveCfg = Release|x64
		{9233B6A3-114D-45B7-8316-1DE780129068}.Release|x64.Build.0 = Release|x64
		{9233B6A3-114D-45B7-8316-1DE780129068}.Release|x86.ActiveCfg = Release|Win32
		{9233B6A3-114D-45B7-8316-1DE780129068}.Release|x86.Build.0 = Release|Win32
		{EFB804AF-FF55-4A9C-946B-87489886DB88}.Debug|x64.ActiveCfg = Debug|x64
		{EFB804AF-FF55-4A9C-946B-87489886DB88}.Debug|x64.Build.0 = Debug|x64
		{EFB804AF-FF55-4A9C-946B-87489886DB88}.Debug|x86.ActiveCfg = Debug|Win32
		{EFB804AF-FF55-4A9C-946B-87489886DB88}.Debug|x86.Build.0 = Debug|Win32
		{EFB804AF-FF55-4A9C-946B-87489886DB88}.Release|x64.ActiveCfg = Release|x64
		{EFB804AF-FF55-4A9C-946B-87489886DB88}.Release|x64.Build.0 = Release|x64
		{EFB804AF-FF55-4A9C-946B-87489886DB88}.Release|x86.ActiveCfg = Release|Win32
		{EFB804AF-FF55-4A9C-946B-87489886DB88}.Release|x86.Build.0 = Release|Win32
		{14F3AC5E-A664-4160-99EA-38E22C15D2BA}.Debug|x64.ActiveCfg = Debug|x64
		{14F3AC5E-A664-4160-99EA-38E22C15D2BA}.Debug|x64.Build.0 = Debug|x64
		{14F3AC5E-A664-4160-99EA-38E22C15D2BA}.Debug|x86.ActiveCfg = Debug|Win32
		{14F3AC5E-A664-4160-99EA-38E22C15D2BA}.Debug|x86.Build.0 = Debug|Win32
		{14F3AC5E-A664-4160-99EA-38E22C15D2BA}.Release|x64.ActiveCfg = Release|x64
		{14F3AC5E-A664-4160-99EA-38E22C15D2BA}.Release|x64.Build.0 = Release|x64
		{14F3AC5E-A664-4160-99EA-38E22C15D2BA}.Release|x86.ActiveCfg = Release|Win32
		{14F3AC5E-A664-4160-99EA-38E22C15D2BA}.Release|x86.Build.0 = Release|Win32
		{287F8092-9079-43E5-A903-8E78F7A676AC}.Debug|x64.ActiveCfg = Debug|x64
		{287F8092-9079-43E5-A903-8E78F7A676AC}.Debug|x64.Build.0 = Debug|x64
		{287F8092-9079-43E5-A903-8E78F7A676AC}.Debug|x86.ActiveCfg = Debug|Win32
		{287F8092-9079-43E5-A903-8E78F7A676AC}.Debug|x86.Build.0 = Debug|Win32
		{287F8092-9079-43E5-A903-8E78F7A676AC}.Release|x64.ActiveCfg = Release|x64
		{287F8092-9079-43E5-A903-8E78F7A676AC}.Release|x64.Build.0 = Release|x64
		{287F8092-9079-43E5-A903-8E78F7A676AC}.Release|x86.ActiveCfg = Release|Win32
		{287F8092-9079-43E5-A903-8E78F7A676AC}.Release|x86.Build.0 = Release|Win32
	EndGlobalSection
	GlobalSection(SolutionProperties) = preSolution
		HideSolutionNode = FALSE
	EndGlobalSection
	GlobalSection(ExtensibilityGlobals) = postSolution
		SolutionGuid = {C71F6DD0-C670-4A60-8591-1BE4F6E7E2D3}
	EndGlobalSection
EndGlobal
