
Microsoft Visual Studio Solution File, Format Version 12.00
# Visual Studio Version 16
VisualStudioVersion = 16.0.29806.167
MinimumVisualStudioVersion = 10.0.40219.1
Project("{8BC9CEB8-8B4A-11D0-8D11-00A0C91BC942}") = "Chapter8", "Chapter8\Chapter8.vcxproj", "{4A5BFDFE-66BF-40F5-8E37-2D185FA673C9}"
EndProject
Project("{8BC9CEB8-8B4A-11D0-8D11-00A0C91BC942}") = "8_4", "8_4\8_4.vcxproj", "{D5E7E150-1087-4E59-B7A3-B37D75812C6E}"
EndProject
Project("{8BC9CEB8-8B4A-11D0-8D11-00A0C91BC942}") = "8_1_buffer", "8_1_buffer\8_1_buffer.vcxproj", "{72A693BA-7681-45C6-BF47-AC1BB8464B8B}"
EndProject
Project("{8BC9CEB8-8B4A-11D0-8D11-00A0C91BC942}") = "8_2_EOF", "8_2_EOF\8_2_EOF.vcxproj", "{6DE3FFC5-7AF8-4827-B7AB-AF7FE50439DA}"
EndProject
Project("{8BC9CEB8-8B4A-11D0-8D11-00A0C91BC942}") = "8.3 입출력 방향 재지정", "8.3 입출력 방향 재지정\8.3 입출력 방향 재지정.vcxproj", "{9E1BE4DE-003A-48D3-B457-5BF21DA4BB27}"
EndProject
Project("{8BC9CEB8-8B4A-11D0-8D11-00A0C91BC942}") = "8_5_숫자와 문자를 섞어서 입력받기", "8_5_숫자와 문자를 섞어서 입력받기\8_5_숫자와 문자를 섞어서 입력받기.vcxproj", "{79841146-837E-47A3-BD0D-2B8122CD7B9A}"
EndProject
Project("{8BC9CEB8-8B4A-11D0-8D11-00A0C91BC942}") = "8_6_check_input", "8_6_check_input\8_6_check_input.vcxproj", "{B447CA62-DC2B-4561-9AEA-D4EE77743BD7}"
EndProject
Project("{8BC9CEB8-8B4A-11D0-8D11-00A0C91BC942}") = "8_7_input stream and number", "8_7_input stream and number\8_7_input stream and number.vcxproj", "{8D3F8ED5-B2BD-474C-8C52-CA908CE4327A}"
EndProject
Project("{8BC9CEB8-8B4A-11D0-8D11-00A0C91BC942}") = "8_8_making menu", "8_8_making menu\8_8_making menu.vcxproj", "{C29BC1C5-B398-4108-9EE7-4259002AF319}"
EndProject
Project("{8BC9CEB8-8B4A-11D0-8D11-00A0C91BC942}") = "8_5_test", "8_5_test\8_5_test.vcxproj", "{E759ED7B-EF1C-4DAB-A04C-A0D36A4AF3DF}"
EndProject
Project("{8BC9CEB8-8B4A-11D0-8D11-00A0C91BC942}") = "8_9_reading text file", "8_9_reading text file\8_9_reading text file.vcxproj", "{1D0B1F78-4161-4402-8758-CCB7014EAAFE}"
EndProject
Global
	GlobalSection(SolutionConfigurationPlatforms) = preSolution
		Debug|x64 = Debug|x64
		Debug|x86 = Debug|x86
		Release|x64 = Release|x64
		Release|x86 = Release|x86
	EndGlobalSection
	GlobalSection(ProjectConfigurationPlatforms) = postSolution
		{4A5BFDFE-66BF-40F5-8E37-2D185FA673C9}.Debug|x64.ActiveCfg = Debug|x64
		{4A5BFDFE-66BF-40F5-8E37-2D185FA673C9}.Debug|x64.Build.0 = Debug|x64
		{4A5BFDFE-66BF-40F5-8E37-2D185FA673C9}.Debug|x86.ActiveCfg = Debug|Win32
		{4A5BFDFE-66BF-40F5-8E37-2D185FA673C9}.Debug|x86.Build.0 = Debug|Win32
		{4A5BFDFE-66BF-40F5-8E37-2D185FA673C9}.Release|x64.ActiveCfg = Release|x64
		{4A5BFDFE-66BF-40F5-8E37-2D185FA673C9}.Release|x64.Build.0 = Release|x64
		{4A5BFDFE-66BF-40F5-8E37-2D185FA673C9}.Release|x86.ActiveCfg = Release|Win32
		{4A5BFDFE-66BF-40F5-8E37-2D185FA673C9}.Release|x86.Build.0 = Release|Win32
		{D5E7E150-1087-4E59-B7A3-B37D75812C6E}.Debug|x64.ActiveCfg = Debug|x64
		{D5E7E150-1087-4E59-B7A3-B37D75812C6E}.Debug|x64.Build.0 = Debug|x64
		{D5E7E150-1087-4E59-B7A3-B37D75812C6E}.Debug|x86.ActiveCfg = Debug|Win32
		{D5E7E150-1087-4E59-B7A3-B37D75812C6E}.Debug|x86.Build.0 = Debug|Win32
		{D5E7E150-1087-4E59-B7A3-B37D75812C6E}.Release|x64.ActiveCfg = Release|x64
		{D5E7E150-1087-4E59-B7A3-B37D75812C6E}.Release|x64.Build.0 = Release|x64
		{D5E7E150-1087-4E59-B7A3-B37D75812C6E}.Release|x86.ActiveCfg = Release|Win32
		{D5E7E150-1087-4E59-B7A3-B37D75812C6E}.Release|x86.Build.0 = Release|Win32
		{72A693BA-7681-45C6-BF47-AC1BB8464B8B}.Debug|x64.ActiveCfg = Debug|x64
		{72A693BA-7681-45C6-BF47-AC1BB8464B8B}.Debug|x64.Build.0 = Debug|x64
		{72A693BA-7681-45C6-BF47-AC1BB8464B8B}.Debug|x86.ActiveCfg = Debug|Win32
		{72A693BA-7681-45C6-BF47-AC1BB8464B8B}.Debug|x86.Build.0 = Debug|Win32
		{72A693BA-7681-45C6-BF47-AC1BB8464B8B}.Release|x64.ActiveCfg = Release|x64
		{72A693BA-7681-45C6-BF47-AC1BB8464B8B}.Release|x64.Build.0 = Release|x64
		{72A693BA-7681-45C6-BF47-AC1BB8464B8B}.Release|x86.ActiveCfg = Release|Win32
		{72A693BA-7681-45C6-BF47-AC1BB8464B8B}.Release|x86.Build.0 = Release|Win32
		{6DE3FFC5-7AF8-4827-B7AB-AF7FE50439DA}.Debug|x64.ActiveCfg = Debug|x64
		{6DE3FFC5-7AF8-4827-B7AB-AF7FE50439DA}.Debug|x64.Build.0 = Debug|x64
		{6DE3FFC5-7AF8-4827-B7AB-AF7FE50439DA}.Debug|x86.ActiveCfg = Debug|Win32
		{6DE3FFC5-7AF8-4827-B7AB-AF7FE50439DA}.Debug|x86.Build.0 = Debug|Win32
		{6DE3FFC5-7AF8-4827-B7AB-AF7FE50439DA}.Release|x64.ActiveCfg = Release|x64
		{6DE3FFC5-7AF8-4827-B7AB-AF7FE50439DA}.Release|x64.Build.0 = Release|x64
		{6DE3FFC5-7AF8-4827-B7AB-AF7FE50439DA}.Release|x86.ActiveCfg = Release|Win32
		{6DE3FFC5-7AF8-4827-B7AB-AF7FE50439DA}.Release|x86.Build.0 = Release|Win32
		{9E1BE4DE-003A-48D3-B457-5BF21DA4BB27}.Debug|x64.ActiveCfg = Debug|x64
		{9E1BE4DE-003A-48D3-B457-5BF21DA4BB27}.Debug|x64.Build.0 = Debug|x64
		{9E1BE4DE-003A-48D3-B457-5BF21DA4BB27}.Debug|x86.ActiveCfg = Debug|Win32
		{9E1BE4DE-003A-48D3-B457-5BF21DA4BB27}.Debug|x86.Build.0 = Debug|Win32
		{9E1BE4DE-003A-48D3-B457-5BF21DA4BB27}.Release|x64.ActiveCfg = Release|x64
		{9E1BE4DE-003A-48D3-B457-5BF21DA4BB27}.Release|x64.Build.0 = Release|x64
		{9E1BE4DE-003A-48D3-B457-5BF21DA4BB27}.Release|x86.ActiveCfg = Release|Win32
		{9E1BE4DE-003A-48D3-B457-5BF21DA4BB27}.Release|x86.Build.0 = Release|Win32
		{79841146-837E-47A3-BD0D-2B8122CD7B9A}.Debug|x64.ActiveCfg = Debug|x64
		{79841146-837E-47A3-BD0D-2B8122CD7B9A}.Debug|x64.Build.0 = Debug|x64
		{79841146-837E-47A3-BD0D-2B8122CD7B9A}.Debug|x86.ActiveCfg = Debug|Win32
		{79841146-837E-47A3-BD0D-2B8122CD7B9A}.Debug|x86.Build.0 = Debug|Win32
		{79841146-837E-47A3-BD0D-2B8122CD7B9A}.Release|x64.ActiveCfg = Release|x64
		{79841146-837E-47A3-BD0D-2B8122CD7B9A}.Release|x64.Build.0 = Release|x64
		{79841146-837E-47A3-BD0D-2B8122CD7B9A}.Release|x86.ActiveCfg = Release|Win32
		{79841146-837E-47A3-BD0D-2B8122CD7B9A}.Release|x86.Build.0 = Release|Win32
		{B447CA62-DC2B-4561-9AEA-D4EE77743BD7}.Debug|x64.ActiveCfg = Debug|x64
		{B447CA62-DC2B-4561-9AEA-D4EE77743BD7}.Debug|x64.Build.0 = Debug|x64
		{B447CA62-DC2B-4561-9AEA-D4EE77743BD7}.Debug|x86.ActiveCfg = Debug|Win32
		{B447CA62-DC2B-4561-9AEA-D4EE77743BD7}.Debug|x86.Build.0 = Debug|Win32
		{B447CA62-DC2B-4561-9AEA-D4EE77743BD7}.Release|x64.ActiveCfg = Release|x64
		{B447CA62-DC2B-4561-9AEA-D4EE77743BD7}.Release|x64.Build.0 = Release|x64
		{B447CA62-DC2B-4561-9AEA-D4EE77743BD7}.Release|x86.ActiveCfg = Release|Win32
		{B447CA62-DC2B-4561-9AEA-D4EE77743BD7}.Release|x86.Build.0 = Release|Win32
		{8D3F8ED5-B2BD-474C-8C52-CA908CE4327A}.Debug|x64.ActiveCfg = Debug|x64
		{8D3F8ED5-B2BD-474C-8C52-CA908CE4327A}.Debug|x64.Build.0 = Debug|x64
		{8D3F8ED5-B2BD-474C-8C52-CA908CE4327A}.Debug|x86.ActiveCfg = Debug|Win32
		{8D3F8ED5-B2BD-474C-8C52-CA908CE4327A}.Debug|x86.Build.0 = Debug|Win32
		{8D3F8ED5-B2BD-474C-8C52-CA908CE4327A}.Release|x64.ActiveCfg = Release|x64
		{8D3F8ED5-B2BD-474C-8C52-CA908CE4327A}.Release|x64.Build.0 = Release|x64
		{8D3F8ED5-B2BD-474C-8C52-CA908CE4327A}.Release|x86.ActiveCfg = Release|Win32
		{8D3F8ED5-B2BD-474C-8C52-CA908CE4327A}.Release|x86.Build.0 = Release|Win32
		{C29BC1C5-B398-4108-9EE7-4259002AF319}.Debug|x64.ActiveCfg = Debug|x64
		{C29BC1C5-B398-4108-9EE7-4259002AF319}.Debug|x64.Build.0 = Debug|x64
		{C29BC1C5-B398-4108-9EE7-4259002AF319}.Debug|x86.ActiveCfg = Debug|Win32
		{C29BC1C5-B398-4108-9EE7-4259002AF319}.Debug|x86.Build.0 = Debug|Win32
		{C29BC1C5-B398-4108-9EE7-4259002AF319}.Release|x64.ActiveCfg = Release|x64
		{C29BC1C5-B398-4108-9EE7-4259002AF319}.Release|x64.Build.0 = Release|x64
		{C29BC1C5-B398-4108-9EE7-4259002AF319}.Release|x86.ActiveCfg = Release|Win32
		{C29BC1C5-B398-4108-9EE7-4259002AF319}.Release|x86.Build.0 = Release|Win32
		{E759ED7B-EF1C-4DAB-A04C-A0D36A4AF3DF}.Debug|x64.ActiveCfg = Debug|x64
		{E759ED7B-EF1C-4DAB-A04C-A0D36A4AF3DF}.Debug|x64.Build.0 = Debug|x64
		{E759ED7B-EF1C-4DAB-A04C-A0D36A4AF3DF}.Debug|x86.ActiveCfg = Debug|Win32
		{E759ED7B-EF1C-4DAB-A04C-A0D36A4AF3DF}.Debug|x86.Build.0 = Debug|Win32
		{E759ED7B-EF1C-4DAB-A04C-A0D36A4AF3DF}.Release|x64.ActiveCfg = Release|x64
		{E759ED7B-EF1C-4DAB-A04C-A0D36A4AF3DF}.Release|x64.Build.0 = Release|x64
		{E759ED7B-EF1C-4DAB-A04C-A0D36A4AF3DF}.Release|x86.ActiveCfg = Release|Win32
		{E759ED7B-EF1C-4DAB-A04C-A0D36A4AF3DF}.Release|x86.Build.0 = Release|Win32
		{1D0B1F78-4161-4402-8758-CCB7014EAAFE}.Debug|x64.ActiveCfg = Debug|x64
		{1D0B1F78-4161-4402-8758-CCB7014EAAFE}.Debug|x64.Build.0 = Debug|x64
		{1D0B1F78-4161-4402-8758-CCB7014EAAFE}.Debug|x86.ActiveCfg = Debug|Win32
		{1D0B1F78-4161-4402-8758-CCB7014EAAFE}.Debug|x86.Build.0 = Debug|Win32
		{1D0B1F78-4161-4402-8758-CCB7014EAAFE}.Release|x64.ActiveCfg = Release|x64
		{1D0B1F78-4161-4402-8758-CCB7014EAAFE}.Release|x64.Build.0 = Release|x64
		{1D0B1F78-4161-4402-8758-CCB7014EAAFE}.Release|x86.ActiveCfg = Release|Win32
		{1D0B1F78-4161-4402-8758-CCB7014EAAFE}.Release|x86.Build.0 = Release|Win32
	EndGlobalSection
	GlobalSection(SolutionProperties) = preSolution
		HideSolutionNode = FALSE
	EndGlobalSection
	GlobalSection(ExtensibilityGlobals) = postSolution
		SolutionGuid = {E18067FD-79EB-4D88-8952-DB99C11463EA}
	EndGlobalSection
EndGlobal
