
Microsoft Visual Studio Solution File, Format Version 12.00
# Visual Studio Version 16
VisualStudioVersion = 16.0.30104.148
MinimumVisualStudioVersion = 10.0.40219.1
Project("{8BC9CEB8-8B4A-11D0-8D11-00A0C91BC942}") = "07_ConditionalCompilelation_A_undef", "Chapter16\Chapter16.vcxproj", "{969A0B8E-7FD4-45BE-A2FE-22ABE1E1A414}"
EndProject
Project("{8BC9CEB8-8B4A-11D0-8D11-00A0C91BC942}") = "07_ConditionalCompilelation_B_Headerguards", "07_ConditionalCompilelation_B_Headerguards\07_ConditionalCompilelation_B_Headerguards.vcxproj", "{9BA22EFC-529E-4CDE-82E0-BEF6C7380B1D}"
EndProject
Project("{8BC9CEB8-8B4A-11D0-8D11-00A0C91BC942}") = "07_ConditionalCompilelation_C", "07_ConditionalCompilelation_C\07_ConditionalCompilelation_C.vcxproj", "{7C69A623-E296-4B85-93CE-2392F685693F}"
EndProject
Project("{8BC9CEB8-8B4A-11D0-8D11-00A0C91BC942}") = "07_ConditionalCompilelation_D", "07_ConditionalCompilelation_D\07_ConditionalCompilelation_D.vcxproj", "{C15CB676-B425-416B-9BA7-BDDCBDC18409}"
EndProject
Project("{8BC9CEB8-8B4A-11D0-8D11-00A0C91BC942}") = "07_ConditionalCompilelation_E", "07_ConditionalCompilelation_e\07_ConditionalCompilelation_e.vcxproj", "{7B6ECA5C-EF8A-4340-BA48-EF5CF337CAB1}"
EndProject
Global
	GlobalSection(SolutionConfigurationPlatforms) = preSolution
		Debug|x64 = Debug|x64
		Debug|x86 = Debug|x86
		Release|x64 = Release|x64
		Release|x86 = Release|x86
	EndGlobalSection
	GlobalSection(ProjectConfigurationPlatforms) = postSolution
		{969A0B8E-7FD4-45BE-A2FE-22ABE1E1A414}.Debug|x64.ActiveCfg = Debug|x64
		{969A0B8E-7FD4-45BE-A2FE-22ABE1E1A414}.Debug|x64.Build.0 = Debug|x64
		{969A0B8E-7FD4-45BE-A2FE-22ABE1E1A414}.Debug|x86.ActiveCfg = Debug|Win32
		{969A0B8E-7FD4-45BE-A2FE-22ABE1E1A414}.Debug|x86.Build.0 = Debug|Win32
		{969A0B8E-7FD4-45BE-A2FE-22ABE1E1A414}.Release|x64.ActiveCfg = Release|x64
		{969A0B8E-7FD4-45BE-A2FE-22ABE1E1A414}.Release|x64.Build.0 = Release|x64
		{969A0B8E-7FD4-45BE-A2FE-22ABE1E1A414}.Release|x86.ActiveCfg = Release|Win32
		{969A0B8E-7FD4-45BE-A2FE-22ABE1E1A414}.Release|x86.Build.0 = Release|Win32
		{9BA22EFC-529E-4CDE-82E0-BEF6C7380B1D}.Debug|x64.ActiveCfg = Debug|x64
		{9BA22EFC-529E-4CDE-82E0-BEF6C7380B1D}.Debug|x64.Build.0 = Debug|x64
		{9BA22EFC-529E-4CDE-82E0-BEF6C7380B1D}.Debug|x86.ActiveCfg = Debug|Win32
		{9BA22EFC-529E-4CDE-82E0-BEF6C7380B1D}.Debug|x86.Build.0 = Debug|Win32
		{9BA22EFC-529E-4CDE-82E0-BEF6C7380B1D}.Release|x64.ActiveCfg = Release|x64
		{9BA22EFC-529E-4CDE-82E0-BEF6C7380B1D}.Release|x64.Build.0 = Release|x64
		{9BA22EFC-529E-4CDE-82E0-BEF6C7380B1D}.Release|x86.ActiveCfg = Release|Win32
		{9BA22EFC-529E-4CDE-82E0-BEF6C7380B1D}.Release|x86.Build.0 = Release|Win32
		{7C69A623-E296-4B85-93CE-2392F685693F}.Debug|x64.ActiveCfg = Debug|x64
		{7C69A623-E296-4B85-93CE-2392F685693F}.Debug|x64.Build.0 = Debug|x64
		{7C69A623-E296-4B85-93CE-2392F685693F}.Debug|x86.ActiveCfg = Debug|Win32
		{7C69A623-E296-4B85-93CE-2392F685693F}.Debug|x86.Build.0 = Debug|Win32
		{7C69A623-E296-4B85-93CE-2392F685693F}.Release|x64.ActiveCfg = Release|x64
		{7C69A623-E296-4B85-93CE-2392F685693F}.Release|x64.Build.0 = Release|x64
		{7C69A623-E296-4B85-93CE-2392F685693F}.Release|x86.ActiveCfg = Release|Win32
		{7C69A623-E296-4B85-93CE-2392F685693F}.Release|x86.Build.0 = Release|Win32
		{C15CB676-B425-416B-9BA7-BDDCBDC18409}.Debug|x64.ActiveCfg = Debug|x64
		{C15CB676-B425-416B-9BA7-BDDCBDC18409}.Debug|x64.Build.0 = Debug|x64
		{C15CB676-B425-416B-9BA7-BDDCBDC18409}.Debug|x86.ActiveCfg = Debug|Win32
		{C15CB676-B425-416B-9BA7-BDDCBDC18409}.Debug|x86.Build.0 = Debug|Win32
		{C15CB676-B425-416B-9BA7-BDDCBDC18409}.Release|x64.ActiveCfg = Release|x64
		{C15CB676-B425-416B-9BA7-BDDCBDC18409}.Release|x64.Build.0 = Release|x64
		{C15CB676-B425-416B-9BA7-BDDCBDC18409}.Release|x86.ActiveCfg = Release|Win32
		{C15CB676-B425-416B-9BA7-BDDCBDC18409}.Release|x86.Build.0 = Release|Win32
		{7B6ECA5C-EF8A-4340-BA48-EF5CF337CAB1}.Debug|x64.ActiveCfg = Debug|x64
		{7B6ECA5C-EF8A-4340-BA48-EF5CF337CAB1}.Debug|x64.Build.0 = Debug|x64
		{7B6ECA5C-EF8A-4340-BA48-EF5CF337CAB1}.Debug|x86.ActiveCfg = Debug|Win32
		{7B6ECA5C-EF8A-4340-BA48-EF5CF337CAB1}.Debug|x86.Build.0 = Debug|Win32
		{7B6ECA5C-EF8A-4340-BA48-EF5CF337CAB1}.Release|x64.ActiveCfg = Release|x64
		{7B6ECA5C-EF8A-4340-BA48-EF5CF337CAB1}.Release|x64.Build.0 = Release|x64
		{7B6ECA5C-EF8A-4340-BA48-EF5CF337CAB1}.Release|x86.ActiveCfg = Release|Win32
		{7B6ECA5C-EF8A-4340-BA48-EF5CF337CAB1}.Release|x86.Build.0 = Release|Win32
	EndGlobalSection
	GlobalSection(SolutionProperties) = preSolution
		HideSolutionNode = FALSE
	EndGlobalSection
	GlobalSection(ExtensibilityGlobals) = postSolution
		SolutionGuid = {E36B94EC-63FA-4D3E-84FE-117B01F8F5FA}
	EndGlobalSection
EndGlobal
